
Microsoft Visual Studio Solution File, Format Version 12.00
# Visual Studio 15
VisualStudioVersion = 15.0.28307.271
MinimumVisualStudioVersion = 10.0.40219.1
Project("{9A19103F-16F7-4668-BE54-9A1E7A4F7556}") = "TestService1", "TestService1\TestService1.csproj", "{23984206-CAD1-4B93-A95D-7594BBF5040E}"
EndProject
Project("{9A19103F-16F7-4668-BE54-9A1E7A4F7556}") = "TestService2", "TestService2\TestService2.csproj", "{89972235-3CA0-44A8-B05D-F706DB58CF9B}"
EndProject
Project("{9A19103F-16F7-4668-BE54-9A1E7A4F7556}") = "DotNetCoreHealthChecksUI", "DotNetCoreHealthChecksUI\DotNetCoreHealthChecksUI.csproj", "{A0AA42B3-43FD-4013-9B76-13CFE01F07D4}"
EndProject
Global
	GlobalSection(SolutionConfigurationPlatforms) = preSolution
		Debug|Any CPU = Debug|Any CPU
		Release|Any CPU = Release|Any CPU
	EndGlobalSection
	GlobalSection(ProjectConfigurationPlatforms) = postSolution
		{23984206-CAD1-4B93-A95D-7594BBF5040E}.Debug|Any CPU.ActiveCfg = Debug|Any CPU
		{23984206-CAD1-4B93-A95D-7594BBF5040E}.Debug|Any CPU.Build.0 = Debug|Any CPU
		{23984206-CAD1-4B93-A95D-7594BBF5040E}.Release|Any CPU.ActiveCfg = Release|Any CPU
		{23984206-CAD1-4B93-A95D-7594BBF5040E}.Release|Any CPU.Build.0 = Release|Any CPU
		{89972235-3CA0-44A8-B05D-F706DB58CF9B}.Debug|Any CPU.ActiveCfg = Debug|Any CPU
		{89972235-3CA0-44A8-B05D-F706DB58CF9B}.Debug|Any CPU.Build.0 = Debug|Any CPU
		{89972235-3CA0-44A8-B05D-F706DB58CF9B}.Release|Any CPU.ActiveCfg = Release|Any CPU
		{89972235-3CA0-44A8-B05D-F706DB58CF9B}.Release|Any CPU.Build.0 = Release|Any CPU
		{A0AA42B3-43FD-4013-9B76-13CFE01F07D4}.Debug|Any CPU.ActiveCfg = Debug|Any CPU
		{A0AA42B3-43FD-4013-9B76-13CFE01F07D4}.Debug|Any CPU.Build.0 = Debug|Any CPU
		{A0AA42B3-43FD-4013-9B76-13CFE01F07D4}.Release|Any CPU.ActiveCfg = Release|Any CPU
		{A0AA42B3-43FD-4013-9B76-13CFE01F07D4}.Release|Any CPU.Build.0 = Release|Any CPU
	EndGlobalSection
	GlobalSection(SolutionProperties) = preSolution
		HideSolutionNode = FALSE
	EndGlobalSection
	GlobalSection(ExtensibilityGlobals) = postSolution
		SolutionGuid = {6EDEBB73-174E-419C-9BA8-1695B6A320F7}
	EndGlobalSection
EndGlobal
